
Microsoft Visual Studio Solution File, Format Version 12.00
# Visual Studio 15
VisualStudioVersion = 15.0.28307.271
MinimumVisualStudioVersion = 10.0.40219.1
Project("{FAE04EC0-301F-11D3-BF4B-00C04F79EFBC}") = "LINQ-in-Manhattan", "LINQ-in-Manhattan\LINQ-in-Manhattan.csproj", "{58E4D38B-3EC3-4BFA-A654-E3A1960FC1B3}"
EndProject
Global
	GlobalSection(SolutionConfigurationPlatforms) = preSolution
		Debug|Any CPU = Debug|Any CPU
		Release|Any CPU = Release|Any CPU
	EndGlobalSection
	GlobalSection(ProjectConfigurationPlatforms) = postSolution
		{58E4D38B-3EC3-4BFA-A654-E3A1960FC1B3}.Debug|Any CPU.ActiveCfg = Debug|Any CPU
		{58E4D38B-3EC3-4BFA-A654-E3A1960FC1B3}.Debug|Any CPU.Build.0 = Debug|Any CPU
		{58E4D38B-3EC3-4BFA-A654-E3A1960FC1B3}.Release|Any CPU.ActiveCfg = Release|Any CPU
		{58E4D38B-3EC3-4BFA-A654-E3A1960FC1B3}.Release|Any CPU.Build.0 = Release|Any CPU
	EndGlobalSection
	GlobalSection(SolutionProperties) = preSolution
		HideSolutionNode = FALSE
	EndGlobalSection
	GlobalSection(ExtensibilityGlobals) = postSolution
		SolutionGuid = {B899F2EF-C2DD-4F11-826A-1F57981A6A97}
	EndGlobalSection
EndGlobal
